# This file is automatically @generated by Cargo.
# It is not intended for manual editing.
version = 3

[[package]]
name = "config"
version = "0.1.0"

[[package]]
name = "http"
version = "0.1.0"

[[package]]
name = "router"
version = "0.1.0"
dependencies = [
 "http",
]

[[package]]
name = "tcp"
version = "0.1.0"
dependencies = [
 "http",
 "router",
]
